
Microsoft Visual Studio Solution File, Format Version 12.00
# Visual Studio Version 16
VisualStudioVersion = 16.0.30523.141
MinimumVisualStudioVersion = 10.0.40219.1
Project("{FAE04EC0-301F-11D3-BF4B-00C04F79EFBC}") = "Main", "Bentosela.Antonio.2A.TP3\Main.csproj", "{0E08C1ED-3919-41A6-9864-9FF3F255338F}"
EndProject
Project("{FAE04EC0-301F-11D3-BF4B-00C04F79EFBC}") = "Clases Abstractas", "Clases Abstractas\Clases Abstractas.csproj", "{700E2DF2-81CD-413D-86DF-878B979887F3}"
EndProject
Project("{FAE04EC0-301F-11D3-BF4B-00C04F79EFBC}") = "Excepciones", "Excepciones\Excepciones.csproj", "{B32694C3-71E0-44F9-8830-E31C5631D6C7}"
EndProject
Project("{FAE04EC0-301F-11D3-BF4B-00C04F79EFBC}") = "Clases Instanciables", "Clases Instanciables\Clases Instanciables.csproj", "{CEB6040D-F005-4811-9476-D6C673434A9C}"
EndProject
Project("{FAE04EC0-301F-11D3-BF4B-00C04F79EFBC}") = "Archivos", "Archivos\Archivos.csproj", "{1097A126-68B1-40D8-AC78-AD27CAD19A52}"
EndProject
Global
	GlobalSection(SolutionConfigurationPlatforms) = preSolution
		Debug|Any CPU = Debug|Any CPU
		Release|Any CPU = Release|Any CPU
	EndGlobalSection
	GlobalSection(ProjectConfigurationPlatforms) = postSolution
		{0E08C1ED-3919-41A6-9864-9FF3F255338F}.Debug|Any CPU.ActiveCfg = Debug|Any CPU
		{0E08C1ED-3919-41A6-9864-9FF3F255338F}.Debug|Any CPU.Build.0 = Debug|Any CPU
		{0E08C1ED-3919-41A6-9864-9FF3F255338F}.Release|Any CPU.ActiveCfg = Release|Any CPU
		{0E08C1ED-3919-41A6-9864-9FF3F255338F}.Release|Any CPU.Build.0 = Release|Any CPU
		{700E2DF2-81CD-413D-86DF-878B979887F3}.Debug|Any CPU.ActiveCfg = Debug|Any CPU
		{700E2DF2-81CD-413D-86DF-878B979887F3}.Debug|Any CPU.Build.0 = Debug|Any CPU
		{700E2DF2-81CD-413D-86DF-878B979887F3}.Release|Any CPU.ActiveCfg = Release|Any CPU
		{700E2DF2-81CD-413D-86DF-878B979887F3}.Release|Any CPU.Build.0 = Release|Any CPU
		{B32694C3-71E0-44F9-8830-E31C5631D6C7}.Debug|Any CPU.ActiveCfg = Debug|Any CPU
		{B32694C3-71E0-44F9-8830-E31C5631D6C7}.Debug|Any CPU.Build.0 = Debug|Any CPU
		{B32694C3-71E0-44F9-8830-E31C5631D6C7}.Release|Any CPU.ActiveCfg = Release|Any CPU
		{B32694C3-71E0-44F9-8830-E31C5631D6C7}.Release|Any CPU.Build.0 = Release|Any CPU
		{CEB6040D-F005-4811-9476-D6C673434A9C}.Debug|Any CPU.ActiveCfg = Debug|Any CPU
		{CEB6040D-F005-4811-9476-D6C673434A9C}.Debug|Any CPU.Build.0 = Debug|Any CPU
		{CEB6040D-F005-4811-9476-D6C673434A9C}.Release|Any CPU.ActiveCfg = Release|Any CPU
		{CEB6040D-F005-4811-9476-D6C673434A9C}.Release|Any CPU.Build.0 = Release|Any CPU
		{1097A126-68B1-40D8-AC78-AD27CAD19A52}.Debug|Any CPU.ActiveCfg = Debug|Any CPU
		{1097A126-68B1-40D8-AC78-AD27CAD19A52}.Debug|Any CPU.Build.0 = Debug|Any CPU
		{1097A126-68B1-40D8-AC78-AD27CAD19A52}.Release|Any CPU.ActiveCfg = Release|Any CPU
		{1097A126-68B1-40D8-AC78-AD27CAD19A52}.Release|Any CPU.Build.0 = Release|Any CPU
	EndGlobalSection
	GlobalSection(SolutionProperties) = preSolution
		HideSolutionNode = FALSE
	EndGlobalSection
	GlobalSection(ExtensibilityGlobals) = postSolution
		SolutionGuid = {23277CFE-93B4-4FB6-A75E-E77BA3C49D66}
	EndGlobalSection
EndGlobal
