
Microsoft Visual Studio Solution File, Format Version 12.00
# Visual Studio Version 16
VisualStudioVersion = 16.0.30523.141
MinimumVisualStudioVersion = 10.0.40219.1
Project("{FAE04EC0-301F-11D3-BF4B-00C04F79EFBC}") = "Entidades", "Entidades\Entidades.csproj", "{785D3EF4-80DD-4CDB-B574-8F855D68FA2B}"
EndProject
Project("{FAE04EC0-301F-11D3-BF4B-00C04F79EFBC}") = "FormFabricaArcor", "FormFabricaArcor\FormFabricaArcor.csproj", "{69B49C03-D948-4273-99BD-EF8E53107FA5}"
EndProject
Project("{FAE04EC0-301F-11D3-BF4B-00C04F79EFBC}") = "TestUnitarios", "TestUnitarios\TestUnitarios.csproj", "{2DCD1678-34EB-4EEA-9C21-48FF021DD4F1}"
EndProject
Project("{FAE04EC0-301F-11D3-BF4B-00C04F79EFBC}") = "Test", "Test\Test.csproj", "{1751AAB5-5F45-4CC4-8720-AB3659155B4C}"
EndProject
Global
	GlobalSection(SolutionConfigurationPlatforms) = preSolution
		Debug|Any CPU = Debug|Any CPU
		Release|Any CPU = Release|Any CPU
	EndGlobalSection
	GlobalSection(ProjectConfigurationPlatforms) = postSolution
		{785D3EF4-80DD-4CDB-B574-8F855D68FA2B}.Debug|Any CPU.ActiveCfg = Debug|Any CPU
		{785D3EF4-80DD-4CDB-B574-8F855D68FA2B}.Debug|Any CPU.Build.0 = Debug|Any CPU
		{785D3EF4-80DD-4CDB-B574-8F855D68FA2B}.Release|Any CPU.ActiveCfg = Release|Any CPU
		{785D3EF4-80DD-4CDB-B574-8F855D68FA2B}.Release|Any CPU.Build.0 = Release|Any CPU
		{69B49C03-D948-4273-99BD-EF8E53107FA5}.Debug|Any CPU.ActiveCfg = Debug|Any CPU
		{69B49C03-D948-4273-99BD-EF8E53107FA5}.Debug|Any CPU.Build.0 = Debug|Any CPU
		{69B49C03-D948-4273-99BD-EF8E53107FA5}.Release|Any CPU.ActiveCfg = Release|Any CPU
		{69B49C03-D948-4273-99BD-EF8E53107FA5}.Release|Any CPU.Build.0 = Release|Any CPU
		{2DCD1678-34EB-4EEA-9C21-48FF021DD4F1}.Debug|Any CPU.ActiveCfg = Debug|Any CPU
		{2DCD1678-34EB-4EEA-9C21-48FF021DD4F1}.Debug|Any CPU.Build.0 = Debug|Any CPU
		{2DCD1678-34EB-4EEA-9C21-48FF021DD4F1}.Release|Any CPU.ActiveCfg = Release|Any CPU
		{2DCD1678-34EB-4EEA-9C21-48FF021DD4F1}.Release|Any CPU.Build.0 = Release|Any CPU
		{1751AAB5-5F45-4CC4-8720-AB3659155B4C}.Debug|Any CPU.ActiveCfg = Debug|Any CPU
		{1751AAB5-5F45-4CC4-8720-AB3659155B4C}.Debug|Any CPU.Build.0 = Debug|Any CPU
		{1751AAB5-5F45-4CC4-8720-AB3659155B4C}.Release|Any CPU.ActiveCfg = Release|Any CPU
		{1751AAB5-5F45-4CC4-8720-AB3659155B4C}.Release|Any CPU.Build.0 = Release|Any CPU
	EndGlobalSection
	GlobalSection(SolutionProperties) = preSolution
		HideSolutionNode = FALSE
	EndGlobalSection
	GlobalSection(ExtensibilityGlobals) = postSolution
		SolutionGuid = {3337434B-F154-499E-AA2A-3D618E919A87}
	EndGlobalSection
EndGlobal
